
Microsoft Visual Studio Solution File, Format Version 12.00
# Visual Studio Version 16
VisualStudioVersion = 16.0.30011.22
MinimumVisualStudioVersion = 10.0.40219.1
Project("{9A19103F-16F7-4668-BE54-9A1E7A4F7556}") = "ContosoCraft.Website", "ContosoCraft.Website\ContosoCraft.Website.csproj", "{254A64F1-3C4C-47AA-B6AB-169DFE4ECB27}"
EndProject
Global
	GlobalSection(SolutionConfigurationPlatforms) = preSolution
		Debug|Any CPU = Debug|Any CPU
		Release|Any CPU = Release|Any CPU
	EndGlobalSection
	GlobalSection(ProjectConfigurationPlatforms) = postSolution
		{254A64F1-3C4C-47AA-B6AB-169DFE4ECB27}.Debug|Any CPU.ActiveCfg = Debug|Any CPU
		{254A64F1-3C4C-47AA-B6AB-169DFE4ECB27}.Debug|Any CPU.Build.0 = Debug|Any CPU
		{254A64F1-3C4C-47AA-B6AB-169DFE4ECB27}.Release|Any CPU.ActiveCfg = Release|Any CPU
		{254A64F1-3C4C-47AA-B6AB-169DFE4ECB27}.Release|Any CPU.Build.0 = Release|Any CPU
	EndGlobalSection
	GlobalSection(SolutionProperties) = preSolution
		HideSolutionNode = FALSE
	EndGlobalSection
	GlobalSection(ExtensibilityGlobals) = postSolution
		SolutionGuid = {AB61BB7D-D12C-4863-A5E0-EB0EBD9F3962}
	EndGlobalSection
EndGlobal
