
Microsoft Visual Studio Solution File, Format Version 12.00
# Visual Studio Version 16
VisualStudioVersion = 16.0.30011.22
MinimumVisualStudioVersion = 10.0.40219.1
Project("{FAE04EC0-301F-11D3-BF4B-00C04F79EFBC}") = "lab1", "..\lab1\lab1\lab1.csproj", "{80CB6600-3F51-43C4-9CF1-F630563A2475}"
EndProject
Project("{FAE04EC0-301F-11D3-BF4B-00C04F79EFBC}") = "lab1.1", "..\lab1.1\lab1.1\lab1.1.csproj", "{375EC26B-5A4B-47DB-9814-37407CE72A5E}"
EndProject
Project("{FAE04EC0-301F-11D3-BF4B-00C04F79EFBC}") = "lab1.1.1", "..\bai1.1.1\lab1.1.1\lab1.1.1.csproj", "{9AC6AA3E-062D-40C2-96B1-AD29F74D51D9}"
EndProject
Project("{FAE04EC0-301F-11D3-BF4B-00C04F79EFBC}") = "WebApplication", "..\WebApplication\WebApplication\WebApplication.csproj", "{664D8B22-42EE-406D-8879-0E5FD314B8AE}"
EndProject
Project("{FAE04EC0-301F-11D3-BF4B-00C04F79EFBC}") = "Movie", "..\Movie\Movie\Movie.csproj", "{EC7F4E89-6230-4075-9BB0-1C4E855CF5A0}"
EndProject
Project("{FAE04EC0-301F-11D3-BF4B-00C04F79EFBC}") = "lab3", "..\lab3\lab3\lab3.csproj", "{B7677291-CE02-47E3-BD14-E9A9437CC83A}"
EndProject
Project("{FAE04EC0-301F-11D3-BF4B-00C04F79EFBC}") = "ShoppingMail", "..\ShoppingMail\ShoppingMail\ShoppingMail.csproj", "{10B14CC6-287C-4E88-AD28-62AB8F1188B0}"
EndProject
Project("{FAE04EC0-301F-11D3-BF4B-00C04F79EFBC}") = "GolfClub", "..\GolfClub\GolfClub\GolfClub.csproj", "{36B324F3-E012-41B9-A9EE-07FD9E14B22F}"
EndProject
Project("{FAE04EC0-301F-11D3-BF4B-00C04F79EFBC}") = "shoppingmails", "..\shoppingmails\shoppingmails\shoppingmails.csproj", "{BBF0DDDD-9D57-4522-9528-86DBF5478184}"
EndProject
Global
	GlobalSection(SolutionConfigurationPlatforms) = preSolution
		Debug|Any CPU = Debug|Any CPU
		Release|Any CPU = Release|Any CPU
	EndGlobalSection
	GlobalSection(ProjectConfigurationPlatforms) = postSolution
		{80CB6600-3F51-43C4-9CF1-F630563A2475}.Debug|Any CPU.ActiveCfg = Debug|Any CPU
		{80CB6600-3F51-43C4-9CF1-F630563A2475}.Debug|Any CPU.Build.0 = Debug|Any CPU
		{80CB6600-3F51-43C4-9CF1-F630563A2475}.Release|Any CPU.ActiveCfg = Release|Any CPU
		{80CB6600-3F51-43C4-9CF1-F630563A2475}.Release|Any CPU.Build.0 = Release|Any CPU
		{375EC26B-5A4B-47DB-9814-37407CE72A5E}.Debug|Any CPU.ActiveCfg = Debug|Any CPU
		{375EC26B-5A4B-47DB-9814-37407CE72A5E}.Debug|Any CPU.Build.0 = Debug|Any CPU
		{375EC26B-5A4B-47DB-9814-37407CE72A5E}.Release|Any CPU.ActiveCfg = Release|Any CPU
		{375EC26B-5A4B-47DB-9814-37407CE72A5E}.Release|Any CPU.Build.0 = Release|Any CPU
		{9AC6AA3E-062D-40C2-96B1-AD29F74D51D9}.Debug|Any CPU.ActiveCfg = Debug|Any CPU
		{9AC6AA3E-062D-40C2-96B1-AD29F74D51D9}.Debug|Any CPU.Build.0 = Debug|Any CPU
		{9AC6AA3E-062D-40C2-96B1-AD29F74D51D9}.Release|Any CPU.ActiveCfg = Release|Any CPU
		{9AC6AA3E-062D-40C2-96B1-AD29F74D51D9}.Release|Any CPU.Build.0 = Release|Any CPU
		{664D8B22-42EE-406D-8879-0E5FD314B8AE}.Debug|Any CPU.ActiveCfg = Debug|Any CPU
		{664D8B22-42EE-406D-8879-0E5FD314B8AE}.Debug|Any CPU.Build.0 = Debug|Any CPU
		{664D8B22-42EE-406D-8879-0E5FD314B8AE}.Release|Any CPU.ActiveCfg = Release|Any CPU
		{664D8B22-42EE-406D-8879-0E5FD314B8AE}.Release|Any CPU.Build.0 = Release|Any CPU
		{EC7F4E89-6230-4075-9BB0-1C4E855CF5A0}.Debug|Any CPU.ActiveCfg = Debug|Any CPU
		{EC7F4E89-6230-4075-9BB0-1C4E855CF5A0}.Debug|Any CPU.Build.0 = Debug|Any CPU
		{EC7F4E89-6230-4075-9BB0-1C4E855CF5A0}.Release|Any CPU.ActiveCfg = Release|Any CPU
		{EC7F4E89-6230-4075-9BB0-1C4E855CF5A0}.Release|Any CPU.Build.0 = Release|Any CPU
		{B7677291-CE02-47E3-BD14-E9A9437CC83A}.Debug|Any CPU.ActiveCfg = Debug|Any CPU
		{B7677291-CE02-47E3-BD14-E9A9437CC83A}.Debug|Any CPU.Build.0 = Debug|Any CPU
		{B7677291-CE02-47E3-BD14-E9A9437CC83A}.Release|Any CPU.ActiveCfg = Release|Any CPU
		{B7677291-CE02-47E3-BD14-E9A9437CC83A}.Release|Any CPU.Build.0 = Release|Any CPU
		{10B14CC6-287C-4E88-AD28-62AB8F1188B0}.Debug|Any CPU.ActiveCfg = Debug|Any CPU
		{10B14CC6-287C-4E88-AD28-62AB8F1188B0}.Debug|Any CPU.Build.0 = Debug|Any CPU
		{10B14CC6-287C-4E88-AD28-62AB8F1188B0}.Release|Any CPU.ActiveCfg = Release|Any CPU
		{10B14CC6-287C-4E88-AD28-62AB8F1188B0}.Release|Any CPU.Build.0 = Release|Any CPU
		{36B324F3-E012-41B9-A9EE-07FD9E14B22F}.Debug|Any CPU.ActiveCfg = Debug|Any CPU
		{36B324F3-E012-41B9-A9EE-07FD9E14B22F}.Debug|Any CPU.Build.0 = Debug|Any CPU
		{36B324F3-E012-41B9-A9EE-07FD9E14B22F}.Release|Any CPU.ActiveCfg = Release|Any CPU
		{36B324F3-E012-41B9-A9EE-07FD9E14B22F}.Release|Any CPU.Build.0 = Release|Any CPU
		{BBF0DDDD-9D57-4522-9528-86DBF5478184}.Debug|Any CPU.ActiveCfg = Debug|Any CPU
		{BBF0DDDD-9D57-4522-9528-86DBF5478184}.Debug|Any CPU.Build.0 = Debug|Any CPU
		{BBF0DDDD-9D57-4522-9528-86DBF5478184}.Release|Any CPU.ActiveCfg = Release|Any CPU
		{BBF0DDDD-9D57-4522-9528-86DBF5478184}.Release|Any CPU.Build.0 = Release|Any CPU
	EndGlobalSection
	GlobalSection(SolutionProperties) = preSolution
		HideSolutionNode = FALSE
	EndGlobalSection
	GlobalSection(ExtensibilityGlobals) = postSolution
		SolutionGuid = {A02F7FA5-2DEA-42D2-B826-09093DA217E4}
	EndGlobalSection
EndGlobal
