
Microsoft Visual Studio Solution File, Format Version 12.00
# Visual Studio Version 16
VisualStudioVersion = 16.0.30011.22
MinimumVisualStudioVersion = 10.0.40219.1
Project("{FAE04EC0-301F-11D3-BF4B-00C04F79EFBC}") = "MvcMovie", "MvcMovie\MvcMovie.csproj", "{58ADE8F8-1367-4D74-8A60-57EF7AE3F4ED}"
EndProject
Global
	GlobalSection(SolutionConfigurationPlatforms) = preSolution
		Debug|Any CPU = Debug|Any CPU
		Release|Any CPU = Release|Any CPU
	EndGlobalSection
	GlobalSection(ProjectConfigurationPlatforms) = postSolution
		{58ADE8F8-1367-4D74-8A60-57EF7AE3F4ED}.Debug|Any CPU.ActiveCfg = Debug|Any CPU
		{58ADE8F8-1367-4D74-8A60-57EF7AE3F4ED}.Debug|Any CPU.Build.0 = Debug|Any CPU
		{58ADE8F8-1367-4D74-8A60-57EF7AE3F4ED}.Release|Any CPU.ActiveCfg = Release|Any CPU
		{58ADE8F8-1367-4D74-8A60-57EF7AE3F4ED}.Release|Any CPU.Build.0 = Release|Any CPU
	EndGlobalSection
	GlobalSection(SolutionProperties) = preSolution
		HideSolutionNode = FALSE
	EndGlobalSection
	GlobalSection(ExtensibilityGlobals) = postSolution
		SolutionGuid = {10A2C65C-E290-4CCF-ADC9-5EF6AF380A66}
	EndGlobalSection
EndGlobal
